
Microsoft Visual Studio Solution File, Format Version 12.00
# Visual Studio 2013
VisualStudioVersion = 12.0.31101.0
MinimumVisualStudioVersion = 10.0.40219.1
Project("{FAE04EC0-301F-11D3-BF4B-00C04F79EFBC}") = "05EmployeeService", "05EmployeeService\05EmployeeService.csproj", "{8D4847C1-8045-4CA5-874D-7D3C14922451}"
EndProject
Project("{FAE04EC0-301F-11D3-BF4B-00C04F79EFBC}") = "EmployeeServiceHost", "EmployeeServiceHost\EmployeeServiceHost.csproj", "{6101ED48-CE95-4BE8-9837-D28C71D7EC6C}"
EndProject
Project("{FAE04EC0-301F-11D3-BF4B-00C04F79EFBC}") = "WebClientEmployeeService", "WebClientEmployeeService\WebClientEmployeeService.csproj", "{B015B25F-8741-4A35-AF19-D9B19FF8F4EC}"
EndProject
Global
	GlobalSection(SolutionConfigurationPlatforms) = preSolution
		Debug|Any CPU = Debug|Any CPU
		Release|Any CPU = Release|Any CPU
	EndGlobalSection
	GlobalSection(ProjectConfigurationPlatforms) = postSolution
		{8D4847C1-8045-4CA5-874D-7D3C14922451}.Debug|Any CPU.ActiveCfg = Debug|Any CPU
		{8D4847C1-8045-4CA5-874D-7D3C14922451}.Debug|Any CPU.Build.0 = Debug|Any CPU
		{8D4847C1-8045-4CA5-874D-7D3C14922451}.Release|Any CPU.ActiveCfg = Release|Any CPU
		{8D4847C1-8045-4CA5-874D-7D3C14922451}.Release|Any CPU.Build.0 = Release|Any CPU
		{6101ED48-CE95-4BE8-9837-D28C71D7EC6C}.Debug|Any CPU.ActiveCfg = Debug|Any CPU
		{6101ED48-CE95-4BE8-9837-D28C71D7EC6C}.Debug|Any CPU.Build.0 = Debug|Any CPU
		{6101ED48-CE95-4BE8-9837-D28C71D7EC6C}.Release|Any CPU.ActiveCfg = Release|Any CPU
		{6101ED48-CE95-4BE8-9837-D28C71D7EC6C}.Release|Any CPU.Build.0 = Release|Any CPU
		{B015B25F-8741-4A35-AF19-D9B19FF8F4EC}.Debug|Any CPU.ActiveCfg = Debug|Any CPU
		{B015B25F-8741-4A35-AF19-D9B19FF8F4EC}.Debug|Any CPU.Build.0 = Debug|Any CPU
		{B015B25F-8741-4A35-AF19-D9B19FF8F4EC}.Release|Any CPU.ActiveCfg = Release|Any CPU
		{B015B25F-8741-4A35-AF19-D9B19FF8F4EC}.Release|Any CPU.Build.0 = Release|Any CPU
	EndGlobalSection
	GlobalSection(SolutionProperties) = preSolution
		HideSolutionNode = FALSE
	EndGlobalSection
EndGlobal
